
Microsoft Visual Studio Solution File, Format Version 12.00
# Visual Studio Version 16
VisualStudioVersion = 16.0.32901.82
MinimumVisualStudioVersion = 10.0.40219.1
Project("{9A19103F-16F7-4668-BE54-9A1E7A4F7556}") = "EmployeeManagemwntSystem", "EmployeeManagemwntSystem\EmployeeManagemwntSystem.csproj", "{C4E66D9A-18BB-4354-97C3-F86E2C79C346}"
EndProject
Project("{9A19103F-16F7-4668-BE54-9A1E7A4F7556}") = "EmployeeManagementSyatem.DataAcess", "EmployeeManagementSyatem.DataAcess\EmployeeManagementSyatem.DataAcess.csproj", "{615BB15D-DFA1-43B4-A3AC-3BD92DE9A3BC}"
EndProject
Project("{2150E333-8FDC-42A3-9474-1A3956D46DE8}") = "Solution Items", "Solution Items", "{DCF71797-AC89-48C2-9F42-DA38CDA9687F}"
	ProjectSection(SolutionItems) = preProject
		.editorconfig = .editorconfig
	EndProjectSection
EndProject
Global
	GlobalSection(SolutionConfigurationPlatforms) = preSolution
		Debug|Any CPU = Debug|Any CPU
		Release|Any CPU = Release|Any CPU
	EndGlobalSection
	GlobalSection(ProjectConfigurationPlatforms) = postSolution
		{C4E66D9A-18BB-4354-97C3-F86E2C79C346}.Debug|Any CPU.ActiveCfg = Debug|Any CPU
		{C4E66D9A-18BB-4354-97C3-F86E2C79C346}.Debug|Any CPU.Build.0 = Debug|Any CPU
		{C4E66D9A-18BB-4354-97C3-F86E2C79C346}.Release|Any CPU.ActiveCfg = Release|Any CPU
		{C4E66D9A-18BB-4354-97C3-F86E2C79C346}.Release|Any CPU.Build.0 = Release|Any CPU
		{615BB15D-DFA1-43B4-A3AC-3BD92DE9A3BC}.Debug|Any CPU.ActiveCfg = Debug|Any CPU
		{615BB15D-DFA1-43B4-A3AC-3BD92DE9A3BC}.Debug|Any CPU.Build.0 = Debug|Any CPU
		{615BB15D-DFA1-43B4-A3AC-3BD92DE9A3BC}.Release|Any CPU.ActiveCfg = Release|Any CPU
		{615BB15D-DFA1-43B4-A3AC-3BD92DE9A3BC}.Release|Any CPU.Build.0 = Release|Any CPU
	EndGlobalSection
	GlobalSection(SolutionProperties) = preSolution
		HideSolutionNode = FALSE
	EndGlobalSection
	GlobalSection(ExtensibilityGlobals) = postSolution
		SolutionGuid = {6058EF4D-2614-490F-8BC1-E06C043FA79F}
	EndGlobalSection
EndGlobal
